// !$*UTF8*$!
{
	archiveVersion = 1;
	classes = {
	};
	objectVersion = 77;
	objects = {

/* Begin PBXBuildFile section */
		23FAF0FA303997130077DA6D /* Users in Frameworks */ = {isa = PBXBuildFile; productRef = 23FAF0F9303997130077DA6D /* Users */; };
		23FAF15A3039A6640077DA6D /* Users in Frameworks */ = {isa = PBXBuildFile; productRef = 23FAF1593039A6640077DA6D /* Users */; };
		23FAF1B73039AFE90077DA6D /* Navigation in Frameworks */ = {isa = PBXBuildFile; productRef = 23FAF1B63039AFE90077DA6D /* Navigation */; };
		23FAF1B93039AFE90077DA6D /* NetworkService in Frameworks */ = {isa = PBXBuildFile; productRef = 23FAF1B83039AFE90077DA6D /* NetworkService */; };
		304C76E128AB83F48EB02E1D /* Colors in Frameworks */ = {isa = PBXBuildFile; productRef = D943939286F2A57637B5BC22 /* Colors */; };
/* End PBXBuildFile section */

/* Begin PBXFileReference section */
		2304AFD03000D14D00423F1C /* ModularNavigationExample.app */ = {isa = PBXFileReference; explicitFileType = wrapper.application; includeInIndex = 0; path = ModularNavigationExample.app; sourceTree = BUILT_PRODUCTS_DIR; };
		2304B0983000DDD300423F1C /* ModularNavigationExample-Info.plist */ = {isa = PBXFileReference; lastKnownFileType = text.plist.xml; path = "ModularNavigationExample-Info.plist"; sourceTree = "<group>"; };
/* End PBXFileReference section */

/* Begin PBXFileSystemSynchronizedBuildFileExceptionSet section */
		2304B0663000D46800423F1C /* Exceptions for "Presentation" folder in "ModularNavigationExample" target */ = {
			isa = PBXFileSystemSynchronizedBuildFileExceptionSet;
			membershipExceptions = (
				Home/HomeView.swift,
				Services/ServicesView.swift,
				Tabbar/TabBarView.swift,
			);
			target = 2304AFCF3000D14D00423F1C /* ModularNavigationExample */;
		};
/* End PBXFileSystemSynchronizedBuildFileExceptionSet section */

/* Begin PBXFileSystemSynchronizedRootGroup section */
		2304AFF23000D31D00423F1C /* App */ = {
			isa = PBXFileSystemSynchronizedRootGroup;
			path = App;
			sourceTree = "<group>";
		};
		2304B0603000D41300423F1C /* Presentation */ = {
			isa = PBXFileSystemSynchronizedRootGroup;
			exceptions = (
				2304B0663000D46800423F1C /* Exceptions for "Presentation" folder in "ModularNavigationExample" target */,
			);
			path = Presentation;
			sourceTree = "<group>";
		};
		234696E130024F5500E903E3 /* Packages */ = {
			isa = PBXFileSystemSynchronizedRootGroup;
			path = Packages;
			sourceTree = "<group>";
		};
		23CCDD3D30323E9100A71BDF /* AppDependencies */ = {
			isa = PBXFileSystemSynchronizedRootGroup;
			path = AppDependencies;
			sourceTree = "<group>";
		};
		23FAF0CE30398B050077DA6D /* Resources */ = {
			isa = PBXFileSystemSynchronizedRootGroup;
			path = Resources;
			sourceTree = "<group>";
		};
/* End PBXFileSystemSynchronizedRootGroup section */

/* Begin PBXFrameworksBuildPhase section */
		2304AFCD3000D14D00423F1C /* Frameworks */ = {
			isa = PBXFrameworksBuildPhase;
			buildActionMask = 2147483647;
			files = (
				23FAF1B73039AFE90077DA6D /* Navigation in Frameworks */,
				23FAF1B93039AFE90077DA6D /* NetworkService in Frameworks */,
				23FAF15A3039A6640077DA6D /* Users in Frameworks */,
				304C76E128AB83F48EB02E1D /* Colors in Frameworks */,
				23FAF0FA303997130077DA6D /* Users in Frameworks */,
			);
			runOnlyForDeploymentPostprocessing = 0;
		};
/* End PBXFrameworksBuildPhase section */

/* Begin PBXGroup section */
		2304AFC73000D14D00423F1C = {
			isa = PBXGroup;
			children = (
				2304B0983000DDD300423F1C /* ModularNavigationExample-Info.plist */,
				23CCDD3D30323E9100A71BDF /* AppDependencies */,
				2304AFF23000D31D00423F1C /* App */,
				2304B0603000D41300423F1C /* Presentation */,
				234696E130024F5500E903E3 /* Packages */,
				23FAF0CE30398B050077DA6D /* Resources */,
				2304B0793000D5B900423F1C /* Frameworks */,
				2304AFD13000D14D00423F1C /* Products */,
			);
			sourceTree = "<group>";
		};
		2304AFD13000D14D00423F1C /* Products */ = {
			isa = PBXGroup;
			children = (
				2304AFD03000D14D00423F1C /* ModularNavigationExample.app */,
			);
			name = Products;
			sourceTree = "<group>";
		};
		2304B0793000D5B900423F1C /* Frameworks */ = {
			isa = PBXGroup;
			children = (
			);
			name = Frameworks;
			sourceTree = "<group>";
		};
/* End PBXGroup section */

/* Begin PBXNativeTarget section */
		2304AFCF3000D14D00423F1C /* ModularNavigationExample */ = {
			isa = PBXNativeTarget;
			buildConfigurationList = 2304AFDB3000D14E00423F1C /* Build configuration list for PBXNativeTarget "ModularNavigationExample" */;
			buildPhases = (
				2304AFCC3000D14D00423F1C /* Sources */,
				2304AFCD3000D14D00423F1C /* Frameworks */,
				2304AFCE3000D14D00423F1C /* Resources */,
			);
			buildRules = (
			);
			dependencies = (
			);
			fileSystemSynchronizedGroups = (
				2304AFF23000D31D00423F1C /* App */,
				23CCDD3D30323E9100A71BDF /* AppDependencies */,
				23FAF0CE30398B050077DA6D /* Resources */,
			);
			name = ModularNavigationExample;
			packageProductDependencies = (
				D943939286F2A57637B5BC22 /* Colors */,
				23FAF0F9303997130077DA6D /* Users */,
				23FAF1593039A6640077DA6D /* Users */,
				23FAF1B63039AFE90077DA6D /* Navigation */,
				23FAF1B83039AFE90077DA6D /* NetworkService */,
			);
			productName = ModularNavigationExample;
			productReference = 2304AFD03000D14D00423F1C /* ModularNavigationExample.app */;
			productType = "com.apple.product-type.application";
		};
/* End PBXNativeTarget section */

/* Begin PBXProject section */
		2304AFC83000D14D00423F1C /* Project object */ = {
			isa = PBXProject;
			attributes = {
				BuildIndependentTargetsInParallel = 1;
				LastSwiftUpdateCheck = 2630;
				LastUpgradeCheck = 2630;
				TargetAttributes = {
					2304AFCF3000D14D00423F1C = {
						CreatedOnToolsVersion = 26.3;
					};
				};
			};
			buildConfigurationList = 2304AFCB3000D14D00423F1C /* Build configuration list for PBXProject "ModularNavigationExample" */;
			developmentRegion = en;
			hasScannedForEncodings = 0;
			knownRegions = (
				en,
				Base,
			);
			mainGroup = 2304AFC73000D14D00423F1C;
			minimizedProjectReferenceProxies = 1;
			packageReferences = (
				0CC7AFC3C14F3E68F16D514F /* XCLocalSwiftPackageReference "Packages/Features/Colors" */,
				23FAF1583039A6640077DA6D /* XCLocalSwiftPackageReference "Packages/Features/Users" */,
				23FAF1B53039AFE90077DA6D /* XCRemoteSwiftPackageReference "SharedLibraries" */,
			);
			preferredProjectObjectVersion = 77;
			productRefGroup = 2304AFD13000D14D00423F1C /* Products */;
			projectDirPath = "";
			projectRoot = "";
			targets = (
				2304AFCF3000D14D00423F1C /* ModularNavigationExample */,
			);
		};
/* End PBXProject section */

/* Begin PBXResourcesBuildPhase section */
		2304AFCE3000D14D00423F1C /* Resources */ = {
			isa = PBXResourcesBuildPhase;
			buildActionMask = 2147483647;
			files = (
			);
			runOnlyForDeploymentPostprocessing = 0;
		};
/* End PBXResourcesBuildPhase section */

/* Begin PBXSourcesBuildPhase section */
		2304AFCC3000D14D00423F1C /* Sources */ = {
			isa = PBXSourcesBuildPhase;
			buildActionMask = 2147483647;
			files = (
			);
			runOnlyForDeploymentPostprocessing = 0;
		};
/* End PBXSourcesBuildPhase section */

/* Begin XCBuildConfiguration section */
		2304AFD93000D14E00423F1C /* Debug */ = {
			isa = XCBuildConfiguration;
			buildSettings = {
				ALWAYS_SEARCH_USER_PATHS = NO;
				ASSETCATALOG_COMPILER_GENERATE_SWIFT_ASSET_SYMBOL_EXTENSIONS = YES;
				CLANG_ANALYZER_NONNULL = YES;
				CLANG_ANALYZER_NUMBER_OBJECT_CONVERSION = YES_AGGRESSIVE;
				CLANG_CXX_LANGUAGE_STANDARD = "gnu++20";
				CLANG_ENABLE_MODULES = YES;
				CLANG_ENABLE_OBJC_ARC = YES;
				CLANG_ENABLE_OBJC_WEAK = YES;
				CLANG_WARN_BLOCK_CAPTURE_AUTORELEASING = YES;
				CLANG_WARN_BOOL_CONVERSION = YES;
				CLANG_WARN_COMMA = YES;
				CLANG_WARN_CONSTANT_CONVERSION = YES;
				CLANG_WARN_DEPRECATED_OBJC_IMPLEMENTATIONS = YES;
				CLANG_WARN_DIRECT_OBJC_ISA_USAGE = YES_ERROR;
				CLANG_WARN_DOCUMENTATION_COMMENTS = YES;
				CLANG_WARN_EMPTY_BODY = YES;
				CLANG_WARN_ENUM_CONVERSION = YES;
				CLANG_WARN_INFINITE_RECURSION = YES;
				CLANG_WARN_INT_CONVERSION = YES;
				CLANG_WARN_NON_LITERAL_NULL_CONVERSION = YES;
				CLANG_WARN_OBJC_IMPLICIT_RETAIN_SELF = YES;
				CLANG_WARN_OBJC_LITERAL_CONVERSION = YES;
				CLANG_WARN_OBJC_ROOT_CLASS = YES_ERROR;
				CLANG_WARN_QUOTED_INCLUDE_IN_FRAMEWORK_HEADER = YES;
				CLANG_WARN_RANGE_LOOP_ANALYSIS = YES;
				CLANG_WARN_STRICT_PROTOTYPES = YES;
				CLANG_WARN_SUSPICIOUS_MOVE = YES;
				CLANG_WARN_UNGUARDED_AVAILABILITY = YES_AGGRESSIVE;
				CLANG_WARN_UNREACHABLE_CODE = YES;
				CLANG_WARN__DUPLICATE_METHOD_MATCH = YES;
				COPY_PHASE_STRIP = NO;
				DEBUG_INFORMATION_FORMAT = dwarf;
				DEVELOPMENT_TEAM = 5JKZDTN9RT;
				ENABLE_STRICT_OBJC_MSGSEND = YES;
				ENABLE_TESTABILITY = YES;
				ENABLE_USER_SCRIPT_SANDBOXING = YES;
				GCC_C_LANGUAGE_STANDARD = gnu17;
				GCC_DYNAMIC_NO_PIC = NO;
				GCC_NO_COMMON_BLOCKS = YES;
				GCC_OPTIMIZATION_LEVEL = 0;
				GCC_PREPROCESSOR_DEFINITIONS = (
					"DEBUG=1",
					"$(inherited)",
				);
				GCC_WARN_64_TO_32_BIT_CONVERSION = YES;
				GCC_WARN_ABOUT_RETURN_TYPE = YES_ERROR;
				GCC_WARN_UNDECLARED_SELECTOR = YES;
				GCC_WARN_UNINITIALIZED_AUTOS = YES_AGGRESSIVE;
				GCC_WARN_UNUSED_FUNCTION = YES;
				GCC_WARN_UNUSED_VARIABLE = YES;
				IPHONEOS_DEPLOYMENT_TARGET = 26.2;
				LOCALIZATION_PREFERS_STRING_CATALOGS = YES;
				MTL_ENABLE_DEBUG_INFO = INCLUDE_SOURCE;
				MTL_FAST_MATH = YES;
				ONLY_ACTIVE_ARCH = YES;
				SDKROOT = iphoneos;
				SWIFT_ACTIVE_COMPILATION_CONDITIONS = "DEBUG $(inherited)";
				SWIFT_OPTIMIZATION_LEVEL = "-Onone";
			};
			name = Debug;
		};
		2304AFDA3000D14E00423F1C /* Release */ = {
			isa = XCBuildConfiguration;
			buildSettings = {
				ALWAYS_SEARCH_USER_PATHS = NO;
				ASSETCATALOG_COMPILER_GENERATE_SWIFT_ASSET_SYMBOL_EXTENSIONS = YES;
				CLANG_ANALYZER_NONNULL = YES;
				CLANG_ANALYZER_NUMBER_OBJECT_CONVERSION = YES_AGGRESSIVE;
				CLANG_CXX_LANGUAGE_STANDARD = "gnu++20";
				CLANG_ENABLE_MODULES = YES;
				CLANG_ENABLE_OBJC_ARC = YES;
				CLANG_ENABLE_OBJC_WEAK = YES;
				CLANG_WARN_BLOCK_CAPTURE_AUTORELEASING = YES;
				CLANG_WARN_BOOL_CONVERSION = YES;
				CLANG_WARN_COMMA = YES;
				CLANG_WARN_CONSTANT_CONVERSION = YES;
				CLANG_WARN_DEPRECATED_OBJC_IMPLEMENTATIONS = YES;
				CLANG_WARN_DIRECT_OBJC_ISA_USAGE = YES_ERROR;
				CLANG_WARN_DOCUMENTATION_COMMENTS = YES;
				CLANG_WARN_EMPTY_BODY = YES;
				CLANG_WARN_ENUM_CONVERSION = YES;
				CLANG_WARN_INFINITE_RECURSION = YES;
				CLANG_WARN_INT_CONVERSION = YES;
				CLANG_WARN_NON_LITERAL_NULL_CONVERSION = YES;
				CLANG_WARN_OBJC_IMPLICIT_RETAIN_SELF = YES;
				CLANG_WARN_OBJC_LITERAL_CONVERSION = YES;
				CLANG_WARN_OBJC_ROOT_CLASS = YES_ERROR;
				CLANG_WARN_QUOTED_INCLUDE_IN_FRAMEWORK_HEADER = YES;
				CLANG_WARN_RANGE_LOOP_ANALYSIS = YES;
				CLANG_WARN_STRICT_PROTOTYPES = YES;
				CLANG_WARN_SUSPICIOUS_MOVE = YES;
				CLANG_WARN_UNGUARDED_AVAILABILITY = YES_AGGRESSIVE;
				CLANG_WARN_UNREACHABLE_CODE = YES;
				CLANG_WARN__DUPLICATE_METHOD_MATCH = YES;
				COPY_PHASE_STRIP = NO;
				DEBUG_INFORMATION_FORMAT = "dwarf-with-dsym";
				DEVELOPMENT_TEAM = 5JKZDTN9RT;
				ENABLE_NS_ASSERTIONS = NO;
				ENABLE_STRICT_OBJC_MSGSEND = YES;
				ENABLE_USER_SCRIPT_SANDBOXING = YES;
				GCC_C_LANGUAGE_STANDARD = gnu17;
				GCC_NO_COMMON_BLOCKS = YES;
				GCC_WARN_64_TO_32_BIT_CONVERSION = YES;
				GCC_WARN_ABOUT_RETURN_TYPE = YES_ERROR;
				GCC_WARN_UNDECLARED_SELECTOR = YES;
				GCC_WARN_UNINITIALIZED_AUTOS = YES_AGGRESSIVE;
				GCC_WARN_UNUSED_FUNCTION = YES;
				GCC_WARN_UNUSED_VARIABLE = YES;
				IPHONEOS_DEPLOYMENT_TARGET = 26.2;
				LOCALIZATION_PREFERS_STRING_CATALOGS = YES;
				MTL_ENABLE_DEBUG_INFO = NO;
				MTL_FAST_MATH = YES;
				SDKROOT = iphoneos;
				SWIFT_COMPILATION_MODE = wholemodule;
				VALIDATE_PRODUCT = YES;
			};
			name = Release;
		};
		2304AFDC3000D14E00423F1C /* Debug */ = {
			isa = XCBuildConfiguration;
			buildSettings = {
				ASSETCATALOG_COMPILER_APPICON_NAME = AppIcon;
				ASSETCATALOG_COMPILER_GLOBAL_ACCENT_COLOR_NAME = AccentColor;
				CODE_SIGN_STYLE = Automatic;
				CURRENT_PROJECT_VERSION = 1;
				DEVELOPMENT_TEAM = 5JKZDTN9RT;
				ENABLE_PREVIEWS = YES;
				GENERATE_INFOPLIST_FILE = YES;
				INFOPLIST_FILE = "ModularNavigationExample-Info.plist";
				INFOPLIST_KEY_UIApplicationSceneManifest_Generation = YES;
				INFOPLIST_KEY_UIApplicationSupportsIndirectInputEvents = YES;
				INFOPLIST_KEY_UILaunchScreen_Generation = YES;
				INFOPLIST_KEY_UISupportedInterfaceOrientations_iPad = "UIInterfaceOrientationPortrait UIInterfaceOrientationPortraitUpsideDown UIInterfaceOrientationLandscapeLeft UIInterfaceOrientationLandscapeRight";
				INFOPLIST_KEY_UISupportedInterfaceOrientations_iPhone = "UIInterfaceOrientationPortrait UIInterfaceOrientationLandscapeLeft UIInterfaceOrientationLandscapeRight";
				LD_RUNPATH_SEARCH_PATHS = (
					"$(inherited)",
					"@executable_path/Frameworks",
				);
				MARKETING_VERSION = 1.0;
				PRODUCT_BUNDLE_IDENTIFIER = com.akalhawas.ModularNavigationExample;
				PRODUCT_NAME = "$(TARGET_NAME)";
				STRING_CATALOG_GENERATE_SYMBOLS = YES;
				SWIFT_APPROACHABLE_CONCURRENCY = YES;
				SWIFT_DEFAULT_ACTOR_ISOLATION = MainActor;
				SWIFT_EMIT_LOC_STRINGS = YES;
				SWIFT_UPCOMING_FEATURE_MEMBER_IMPORT_VISIBILITY = YES;
				SWIFT_VERSION = 5.0;
				TARGETED_DEVICE_FAMILY = "1,2";
			};
			name = Debug;
		};
		2304AFDD3000D14E00423F1C /* Release */ = {
			isa = XCBuildConfiguration;
			buildSettings = {
				ASSETCATALOG_COMPILER_APPICON_NAME = AppIcon;
				ASSETCATALOG_COMPILER_GLOBAL_ACCENT_COLOR_NAME = AccentColor;
				CODE_SIGN_STYLE = Automatic;
				CURRENT_PROJECT_VERSION = 1;
				DEVELOPMENT_TEAM = 5JKZDTN9RT;
				ENABLE_PREVIEWS = YES;
				GENERATE_INFOPLIST_FILE = YES;
				INFOPLIST_FILE = "ModularNavigationExample-Info.plist";
				INFOPLIST_KEY_UIApplicationSceneManifest_Generation = YES;
				INFOPLIST_KEY_UIApplicationSupportsIndirectInputEvents = YES;
				INFOPLIST_KEY_UILaunchScreen_Generation = YES;
				INFOPLIST_KEY_UISupportedInterfaceOrientations_iPad = "UIInterfaceOrientationPortrait UIInterfaceOrientationPortraitUpsideDown UIInterfaceOrientationLandscapeLeft UIInterfaceOrientationLandscapeRight";
				INFOPLIST_KEY_UISupportedInterfaceOrientations_iPhone = "UIInterfaceOrientationPortrait UIInterfaceOrientationLandscapeLeft UIInterfaceOrientationLandscapeRight";
				LD_RUNPATH_SEARCH_PATHS = (
					"$(inherited)",
					"@executable_path/Frameworks",
				);
				MARKETING_VERSION = 1.0;
				PRODUCT_BUNDLE_IDENTIFIER = com.akalhawas.ModularNavigationExample;
				PRODUCT_NAME = "$(TARGET_NAME)";
				STRING_CATALOG_GENERATE_SYMBOLS = YES;
				SWIFT_APPROACHABLE_CONCURRENCY = YES;
				SWIFT_DEFAULT_ACTOR_ISOLATION = MainActor;
				SWIFT_EMIT_LOC_STRINGS = YES;
				SWIFT_UPCOMING_FEATURE_MEMBER_IMPORT_VISIBILITY = YES;
				SWIFT_VERSION = 5.0;
				TARGETED_DEVICE_FAMILY = "1,2";
			};
			name = Release;
		};
/* End XCBuildConfiguration section */

/* Begin XCConfigurationList section */
		2304AFCB3000D14D00423F1C /* Build configuration list for PBXProject "ModularNavigationExample" */ = {
			isa = XCConfigurationList;
			buildConfigurations = (
				2304AFD93000D14E00423F1C /* Debug */,
				2304AFDA3000D14E00423F1C /* Release */,
			);
			defaultConfigurationIsVisible = 0;
			defaultConfigurationName = Release;
		};
		2304AFDB3000D14E00423F1C /* Build configuration list for PBXNativeTarget "ModularNavigationExample" */ = {
			isa = XCConfigurationList;
			buildConfigurations = (
				2304AFDC3000D14E00423F1C /* Debug */,
				2304AFDD3000D14E00423F1C /* Release */,
			);
			defaultConfigurationIsVisible = 0;
			defaultConfigurationName = Release;
		};
/* End XCConfigurationList section */

/* Begin XCLocalSwiftPackageReference section */
		0CC7AFC3C14F3E68F16D514F /* XCLocalSwiftPackageReference "Packages/Features/Colors" */ = {
			isa = XCLocalSwiftPackageReference;
			relativePath = Packages/Features/Colors;
		};
		23FAF1583039A6640077DA6D /* XCLocalSwiftPackageReference "Packages/Features/Users" */ = {
			isa = XCLocalSwiftPackageReference;
			relativePath = Packages/Features/Users;
		};
/* End XCLocalSwiftPackageReference section */

/* Begin XCRemoteSwiftPackageReference section */
		23FAF1B53039AFE90077DA6D /* XCRemoteSwiftPackageReference "SharedLibraries" */ = {
			isa = XCRemoteSwiftPackageReference;
			repositoryURL = "https://github.com/akalhawas/SharedLibraries.git";
			requirement = {
				kind = upToNextMajorVersion;
				minimumVersion = 0.1.3;
			};
		};
/* End XCRemoteSwiftPackageReference section */

/* Begin XCSwiftPackageProductDependency section */
		23FAF0F9303997130077DA6D /* Users */ = {
			isa = XCSwiftPackageProductDependency;
			productName = Users;
		};
		23FAF1593039A6640077DA6D /* Users */ = {
			isa = XCSwiftPackageProductDependency;
			productName = Users;
		};
		23FAF1B63039AFE90077DA6D /* Navigation */ = {
			isa = XCSwiftPackageProductDependency;
			package = 23FAF1B53039AFE90077DA6D /* XCRemoteSwiftPackageReference "SharedLibraries" */;
			productName = Navigation;
		};
		23FAF1B83039AFE90077DA6D /* NetworkService */ = {
			isa = XCSwiftPackageProductDependency;
			package = 23FAF1B53039AFE90077DA6D /* XCRemoteSwiftPackageReference "SharedLibraries" */;
			productName = NetworkService;
		};
		D943939286F2A57637B5BC22 /* Colors */ = {
			isa = XCSwiftPackageProductDependency;
			package = 0CC7AFC3C14F3E68F16D514F /* XCLocalSwiftPackageReference "Packages/Features/Colors" */;
			productName = Colors;
		};
/* End XCSwiftPackageProductDependency section */
	};
	rootObject = 2304AFC83000D14D00423F1C /* Project object */;
}
